// !$*UTF8*$!
{
	archiveVersion = 1;
	classes = {
	};
	objectVersion = 51;
	objects = {

/* Begin PBXBuildFile section */
		43FEBAD06100A5642287A31B /* libPods-GitTheUserUITests.a in Frameworks */ = {isa = PBXBuildFile; fileRef = 3624B0E4D4071A881359D087 /* libPods-GitTheUserUITests.a */; };
		846A363C39F2FF838F09CAB9 /* libPods-GitTheUserTests.a in Frameworks */ = {isa = PBXBuildFile; fileRef = 67224F656851E07126FC9033 /* libPods-GitTheUserTests.a */; };
		9CC5826B2260AC8600861293 /* User.swift in Sources */ = {isa = PBXBuildFile; fileRef = 9CC5826A2260AC8600861293 /* User.swift */; };
		9CC5826D2260ADDC00861293 /* HomePageComponents.swift in Sources */ = {isa = PBXBuildFile; fileRef = 9CC5826C2260ADDC00861293 /* HomePageComponents.swift */; };
		9CC5826F2260AFB200861293 /* Service.swift in Sources */ = {isa = PBXBuildFile; fileRef = 9CC5826E2260AFB200861293 /* Service.swift */; };
		9CC582712262018900861293 /* Repo.swift in Sources */ = {isa = PBXBuildFile; fileRef = 9CC582702262018900861293 /* Repo.swift */; };
		9CC582732262292300861293 /* UserReposController.swift in Sources */ = {isa = PBXBuildFile; fileRef = 9CC582722262292300861293 /* UserReposController.swift */; };
		9CC582772263596500861293 /* RepoTableCell.swift in Sources */ = {isa = PBXBuildFile; fileRef = 9CC582762263596500861293 /* RepoTableCell.swift */; };
		9CC5827922636A7C00861293 /* RepoTitleLabel.swift in Sources */ = {isa = PBXBuildFile; fileRef = 9CC5827822636A7C00861293 /* RepoTitleLabel.swift */; };
		9CC5827B2263C8F500861293 /* PushViewDelegate.swift in Sources */ = {isa = PBXBuildFile; fileRef = 9CC5827A2263C8F500861293 /* PushViewDelegate.swift */; };
		9CC5827E2263E8BB00861293 /* GitTheUserButton.swift in Sources */ = {isa = PBXBuildFile; fileRef = 9CC5827D2263E8BB00861293 /* GitTheUserButton.swift */; };
		9CC582802263E8ED00861293 /* MainTitle.swift in Sources */ = {isa = PBXBuildFile; fileRef = 9CC5827F2263E8ED00861293 /* MainTitle.swift */; };
		9CC5828322648BF300861293 /* RepoTableView.swift in Sources */ = {isa = PBXBuildFile; fileRef = 9CC5828222648BF300861293 /* RepoTableView.swift */; };
		9CC582852264964F00861293 /* File.swift in Sources */ = {isa = PBXBuildFile; fileRef = 9CC582842264964F00861293 /* File.swift */; };
		9CC5828722649BB700861293 /* RepoContentController.swift in Sources */ = {isa = PBXBuildFile; fileRef = 9CC5828622649BB700861293 /* RepoContentController.swift */; };
		9CC5828A2264D53A00861293 /* RepoContentDataSource.swift in Sources */ = {isa = PBXBuildFile; fileRef = 9CC582892264D53900861293 /* RepoContentDataSource.swift */; };
		9CC5828C2264D8D700861293 /* Owner.swift in Sources */ = {isa = PBXBuildFile; fileRef = 9CC5828B2264D8D700861293 /* Owner.swift */; };
		9CC5828E22652CFB00861293 /* UpdateTableDelegate.swift in Sources */ = {isa = PBXBuildFile; fileRef = 9CC5828D22652CFB00861293 /* UpdateTableDelegate.swift */; };
		9CC582902265334000861293 /* RepoContentTableCell.swift in Sources */ = {isa = PBXBuildFile; fileRef = 9CC5828F2265334000861293 /* RepoContentTableCell.swift */; };
		9CC5829222688DC000861293 /* UserNotFoundView.swift in Sources */ = {isa = PBXBuildFile; fileRef = 9CC5829122688DC000861293 /* UserNotFoundView.swift */; };
		9CC582942269300000861293 /* TextFileView.swift in Sources */ = {isa = PBXBuildFile; fileRef = 9CC582932269300000861293 /* TextFileView.swift */; };
		9CC58296226B72EF00861293 /* HideViewDelegate.swift in Sources */ = {isa = PBXBuildFile; fileRef = 9CC58295226B72EF00861293 /* HideViewDelegate.swift */; };
		9CC58298226B830700861293 /* FileContent.swift in Sources */ = {isa = PBXBuildFile; fileRef = 9CC58297226B830700861293 /* FileContent.swift */; };
		9CC582D0226C952100861293 /* GitTheUserTests.swift in Sources */ = {isa = PBXBuildFile; fileRef = 9CC582CF226C952100861293 /* GitTheUserTests.swift */; };
		9CC582DE226C9BAB00861293 /* GitTheUserUITests.swift in Sources */ = {isa = PBXBuildFile; fileRef = 9CC582DD226C9BAB00861293 /* GitTheUserUITests.swift */; };
		9CF8D1DE225F9239008F88CD /* AppDelegate.swift in Sources */ = {isa = PBXBuildFile; fileRef = 9CF8D1DD225F9239008F88CD /* AppDelegate.swift */; };
		9CF8D1E0225F9239008F88CD /* HomePageController.swift in Sources */ = {isa = PBXBuildFile; fileRef = 9CF8D1DF225F9239008F88CD /* HomePageController.swift */; };
		9CF8D1E5225F923D008F88CD /* Assets.xcassets in Resources */ = {isa = PBXBuildFile; fileRef = 9CF8D1E4225F923D008F88CD /* Assets.xcassets */; };
		C3025B583E66C49A5CEB3111 /* libPods-GitTheUser.a in Frameworks */ = {isa = PBXBuildFile; fileRef = B5B9F4FA15203E263130BBF9 /* libPods-GitTheUser.a */; };
/* End PBXBuildFile section */

/* Begin PBXContainerItemProxy section */
		9CC582D2226C952100861293 /* PBXContainerItemProxy */ = {
			isa = PBXContainerItemProxy;
			containerPortal = 9CF8D1D2225F9239008F88CD /* Project object */;
			proxyType = 1;
			remoteGlobalIDString = 9CF8D1D9225F9239008F88CD;
			remoteInfo = GitTheUser;
		};
		9CC582E0226C9BAB00861293 /* PBXContainerItemProxy */ = {
			isa = PBXContainerItemProxy;
			containerPortal = 9CF8D1D2225F9239008F88CD /* Project object */;
			proxyType = 1;
			remoteGlobalIDString = 9CF8D1D9225F9239008F88CD;
			remoteInfo = GitTheUser;
		};
/* End PBXContainerItemProxy section */

/* Begin PBXFileReference section */
		049A60A4729D91A34B4A69E7 /* Pods-GitTheUser.debug.xcconfig */ = {isa = PBXFileReference; includeInIndex = 1; lastKnownFileType = text.xcconfig; name = "Pods-GitTheUser.debug.xcconfig"; path = "Target Support Files/Pods-GitTheUser/Pods-GitTheUser.debug.xcconfig"; sourceTree = "<group>"; };
		3624B0E4D4071A881359D087 /* libPods-GitTheUserUITests.a */ = {isa = PBXFileReference; explicitFileType = archive.ar; includeInIndex = 0; path = "libPods-GitTheUserUITests.a"; sourceTree = BUILT_PRODUCTS_DIR; };
		40F6D3AD789DA6FE759B987D /* Pods-GitTheUser.release.xcconfig */ = {isa = PBXFileReference; includeInIndex = 1; lastKnownFileType = text.xcconfig; name = "Pods-GitTheUser.release.xcconfig"; path = "Target Support Files/Pods-GitTheUser/Pods-GitTheUser.release.xcconfig"; sourceTree = "<group>"; };
		5D1FC3987640FC7857CA8567 /* Pods-GitTheUserUITests.release.xcconfig */ = {isa = PBXFileReference; includeInIndex = 1; lastKnownFileType = text.xcconfig; name = "Pods-GitTheUserUITests.release.xcconfig"; path = "Target Support Files/Pods-GitTheUserUITests/Pods-GitTheUserUITests.release.xcconfig"; sourceTree = "<group>"; };
		67224F656851E07126FC9033 /* libPods-GitTheUserTests.a */ = {isa = PBXFileReference; explicitFileType = archive.ar; includeInIndex = 0; path = "libPods-GitTheUserTests.a"; sourceTree = BUILT_PRODUCTS_DIR; };
		7990E9698D649980150207C7 /* Pods-GitTheUserUITests.debug.xcconfig */ = {isa = PBXFileReference; includeInIndex = 1; lastKnownFileType = text.xcconfig; name = "Pods-GitTheUserUITests.debug.xcconfig"; path = "Target Support Files/Pods-GitTheUserUITests/Pods-GitTheUserUITests.debug.xcconfig"; sourceTree = "<group>"; };
		9CC5826A2260AC8600861293 /* User.swift */ = {isa = PBXFileReference; lastKnownFileType = sourcecode.swift; path = User.swift; sourceTree = "<group>"; };
		9CC5826C2260ADDC00861293 /* HomePageComponents.swift */ = {isa = PBXFileReference; lastKnownFileType = sourcecode.swift; path = HomePageComponents.swift; sourceTree = "<group>"; };
		9CC5826E2260AFB200861293 /* Service.swift */ = {isa = PBXFileReference; lastKnownFileType = sourcecode.swift; path = Service.swift; sourceTree = "<group>"; };
		9CC582702262018900861293 /* Repo.swift */ = {isa = PBXFileReference; lastKnownFileType = sourcecode.swift; path = Repo.swift; sourceTree = "<group>"; };
		9CC582722262292300861293 /* UserReposController.swift */ = {isa = PBXFileReference; lastKnownFileType = sourcecode.swift; path = UserReposController.swift; sourceTree = "<group>"; };
		9CC582762263596500861293 /* RepoTableCell.swift */ = {isa = PBXFileReference; lastKnownFileType = sourcecode.swift; path = RepoTableCell.swift; sourceTree = "<group>"; };
		9CC5827822636A7C00861293 /* RepoTitleLabel.swift */ = {isa = PBXFileReference; lastKnownFileType = sourcecode.swift; path = RepoTitleLabel.swift; sourceTree = "<group>"; };
		9CC5827A2263C8F500861293 /* PushViewDelegate.swift */ = {isa = PBXFileReference; lastKnownFileType = sourcecode.swift; path = PushViewDelegate.swift; sourceTree = "<group>"; };
		9CC5827D2263E8BB00861293 /* GitTheUserButton.swift */ = {isa = PBXFileReference; lastKnownFileType = sourcecode.swift; path = GitTheUserButton.swift; sourceTree = "<group>"; };
		9CC5827F2263E8ED00861293 /* MainTitle.swift */ = {isa = PBXFileReference; lastKnownFileType = sourcecode.swift; path = MainTitle.swift; sourceTree = "<group>"; };
		9CC5828222648BF300861293 /* RepoTableView.swift */ = {isa = PBXFileReference; lastKnownFileType = sourcecode.swift; path = RepoTableView.swift; sourceTree = "<group>"; };
		9CC582842264964F00861293 /* File.swift */ = {isa = PBXFileReference; lastKnownFileType = sourcecode.swift; path = File.swift; sourceTree = "<group>"; };
		9CC5828622649BB700861293 /* RepoContentController.swift */ = {isa = PBXFileReference; lastKnownFileType = sourcecode.swift; path = RepoContentController.swift; sourceTree = "<group>"; };
		9CC582892264D53900861293 /* RepoContentDataSource.swift */ = {isa = PBXFileReference; lastKnownFileType = sourcecode.swift; path = RepoContentDataSource.swift; sourceTree = "<group>"; };
		9CC5828B2264D8D700861293 /* Owner.swift */ = {isa = PBXFileReference; lastKnownFileType = sourcecode.swift; path = Owner.swift; sourceTree = "<group>"; };
		9CC5828D22652CFB00861293 /* UpdateTableDelegate.swift */ = {isa = PBXFileReference; lastKnownFileType = sourcecode.swift; path = UpdateTableDelegate.swift; sourceTree = "<group>"; };
		9CC5828F2265334000861293 /* RepoContentTableCell.swift */ = {isa = PBXFileReference; lastKnownFileType = sourcecode.swift; path = RepoContentTableCell.swift; sourceTree = "<group>"; };
		9CC5829122688DC000861293 /* UserNotFoundView.swift */ = {isa = PBXFileReference; lastKnownFileType = sourcecode.swift; path = UserNotFoundView.swift; sourceTree = "<group>"; };
		9CC582932269300000861293 /* TextFileView.swift */ = {isa = PBXFileReference; lastKnownFileType = sourcecode.swift; path = TextFileView.swift; sourceTree = "<group>"; };
		9CC58295226B72EF00861293 /* HideViewDelegate.swift */ = {isa = PBXFileReference; lastKnownFileType = sourcecode.swift; path = HideViewDelegate.swift; sourceTree = "<group>"; };
		9CC58297226B830700861293 /* FileContent.swift */ = {isa = PBXFileReference; lastKnownFileType = sourcecode.swift; path = FileContent.swift; sourceTree = "<group>"; };
		9CC582CD226C952100861293 /* GitTheUserTests.xctest */ = {isa = PBXFileReference; explicitFileType = wrapper.cfbundle; includeInIndex = 0; path = GitTheUserTests.xctest; sourceTree = BUILT_PRODUCTS_DIR; };
		9CC582CF226C952100861293 /* GitTheUserTests.swift */ = {isa = PBXFileReference; lastKnownFileType = sourcecode.swift; path = GitTheUserTests.swift; sourceTree = "<group>"; };
		9CC582D1226C952100861293 /* Info.plist */ = {isa = PBXFileReference; lastKnownFileType = text.plist.xml; path = Info.plist; sourceTree = "<group>"; };
		9CC582DB226C9BAB00861293 /* GitTheUserUITests.xctest */ = {isa = PBXFileReference; explicitFileType = wrapper.cfbundle; includeInIndex = 0; path = GitTheUserUITests.xctest; sourceTree = BUILT_PRODUCTS_DIR; };
		9CC582DD226C9BAB00861293 /* GitTheUserUITests.swift */ = {isa = PBXFileReference; lastKnownFileType = sourcecode.swift; path = GitTheUserUITests.swift; sourceTree = "<group>"; };
		9CC582DF226C9BAB00861293 /* Info.plist */ = {isa = PBXFileReference; lastKnownFileType = text.plist.xml; path = Info.plist; sourceTree = "<group>"; };
		9CF8D1DA225F9239008F88CD /* GitTheUser.app */ = {isa = PBXFileReference; explicitFileType = wrapper.application; includeInIndex = 0; path = GitTheUser.app; sourceTree = BUILT_PRODUCTS_DIR; };
		9CF8D1DD225F9239008F88CD /* AppDelegate.swift */ = {isa = PBXFileReference; lastKnownFileType = sourcecode.swift; path = AppDelegate.swift; sourceTree = "<group>"; };
		9CF8D1DF225F9239008F88CD /* HomePageController.swift */ = {isa = PBXFileReference; lastKnownFileType = sourcecode.swift; path = HomePageController.swift; sourceTree = "<group>"; };
		9CF8D1E4225F923D008F88CD /* Assets.xcassets */ = {isa = PBXFileReference; lastKnownFileType = folder.assetcatalog; path = Assets.xcassets; sourceTree = "<group>"; };
		9CF8D1E9225F923D008F88CD /* Info.plist */ = {isa = PBXFileReference; lastKnownFileType = text.plist.xml; path = Info.plist; sourceTree = "<group>"; };
		A5CE48B4B00E08127F87F999 /* Pods-GitTheUserTests.release.xcconfig */ = {isa = PBXFileReference; includeInIndex = 1; lastKnownFileType = text.xcconfig; name = "Pods-GitTheUserTests.release.xcconfig"; path = "Target Support Files/Pods-GitTheUserTests/Pods-GitTheUserTests.release.xcconfig"; sourceTree = "<group>"; };
		B5B9F4FA15203E263130BBF9 /* libPods-GitTheUser.a */ = {isa = PBXFileReference; explicitFileType = archive.ar; includeInIndex = 0; path = "libPods-GitTheUser.a"; sourceTree = BUILT_PRODUCTS_DIR; };
		B6108E2242BE3276D0BB6A65 /* Pods-GitTheUserTests.debug.xcconfig */ = {isa = PBXFileReference; includeInIndex = 1; lastKnownFileType = text.xcconfig; name = "Pods-GitTheUserTests.debug.xcconfig"; path = "Target Support Files/Pods-GitTheUserTests/Pods-GitTheUserTests.debug.xcconfig"; sourceTree = "<group>"; };
/* End PBXFileReference section */

/* Begin PBXFrameworksBuildPhase section */
		9CC582CA226C952100861293 /* Frameworks */ = {
			isa = PBXFrameworksBuildPhase;
			buildActionMask = 2147483647;
			files = (
				846A363C39F2FF838F09CAB9 /* libPods-GitTheUserTests.a in Frameworks */,
			);
			runOnlyForDeploymentPostprocessing = 0;
		};
		9CC582D8226C9BAB00861293 /* Frameworks */ = {
			isa = PBXFrameworksBuildPhase;
			buildActionMask = 2147483647;
			files = (
				43FEBAD06100A5642287A31B /* libPods-GitTheUserUITests.a in Frameworks */,
			);
			runOnlyForDeploymentPostprocessing = 0;
		};
		9CF8D1D7225F9239008F88CD /* Frameworks */ = {
			isa = PBXFrameworksBuildPhase;
			buildActionMask = 2147483647;
			files = (
				C3025B583E66C49A5CEB3111 /* libPods-GitTheUser.a in Frameworks */,
			);
			runOnlyForDeploymentPostprocessing = 0;
		};
/* End PBXFrameworksBuildPhase section */

/* Begin PBXGroup section */
		17053F0E72917462D880B478 /* Frameworks */ = {
			isa = PBXGroup;
			children = (
				B5B9F4FA15203E263130BBF9 /* libPods-GitTheUser.a */,
				67224F656851E07126FC9033 /* libPods-GitTheUserTests.a */,
				3624B0E4D4071A881359D087 /* libPods-GitTheUserUITests.a */,
			);
			name = Frameworks;
			sourceTree = "<group>";
		};
		8AAD6527C9DEDF68099B2042 /* Pods */ = {
			isa = PBXGroup;
			children = (
				049A60A4729D91A34B4A69E7 /* Pods-GitTheUser.debug.xcconfig */,
				40F6D3AD789DA6FE759B987D /* Pods-GitTheUser.release.xcconfig */,
				B6108E2242BE3276D0BB6A65 /* Pods-GitTheUserTests.debug.xcconfig */,
				A5CE48B4B00E08127F87F999 /* Pods-GitTheUserTests.release.xcconfig */,
				7990E9698D649980150207C7 /* Pods-GitTheUserUITests.debug.xcconfig */,
				5D1FC3987640FC7857CA8567 /* Pods-GitTheUserUITests.release.xcconfig */,
			);
			path = Pods;
			sourceTree = "<group>";
		};
		9CC5827C2263E8A400861293 /* HomePageCpomnonets */ = {
			isa = PBXGroup;
			children = (
				9CC5826C2260ADDC00861293 /* HomePageComponents.swift */,
				9CC5827F2263E8ED00861293 /* MainTitle.swift */,
				9CC5829122688DC000861293 /* UserNotFoundView.swift */,
				9CC5827D2263E8BB00861293 /* GitTheUserButton.swift */,
			);
			path = HomePageCpomnonets;
			sourceTree = "<group>";
		};
		9CC582812263E99400861293 /* UserReposComponents */ = {
			isa = PBXGroup;
			children = (
				9CC582762263596500861293 /* RepoTableCell.swift */,
				9CC5827822636A7C00861293 /* RepoTitleLabel.swift */,
				9CC5828222648BF300861293 /* RepoTableView.swift */,
			);
			path = UserReposComponents;
			sourceTree = "<group>";
		};
		9CC582882264D51D00861293 /* RepoContentComponents */ = {
			isa = PBXGroup;
			children = (
				9CC582892264D53900861293 /* RepoContentDataSource.swift */,
				9CC582932269300000861293 /* TextFileView.swift */,
				9CC5828F2265334000861293 /* RepoContentTableCell.swift */,
			);
			path = RepoContentComponents;
			sourceTree = "<group>";
		};
		9CC582CE226C952100861293 /* GitTheUserTests */ = {
			isa = PBXGroup;
			children = (
				9CC582CF226C952100861293 /* GitTheUserTests.swift */,
				9CC582D1226C952100861293 /* Info.plist */,
			);
			path = GitTheUserTests;
			sourceTree = "<group>";
		};
		9CC582DC226C9BAB00861293 /* GitTheUserUITests */ = {
			isa = PBXGroup;
			children = (
				9CC582DD226C9BAB00861293 /* GitTheUserUITests.swift */,
				9CC582DF226C9BAB00861293 /* Info.plist */,
			);
			path = GitTheUserUITests;
			sourceTree = "<group>";
		};
		9CF8D1D1225F9239008F88CD = {
			isa = PBXGroup;
			children = (
				9CF8D1DC225F9239008F88CD /* GitTheUser */,
				9CC582CE226C952100861293 /* GitTheUserTests */,
				9CC582DC226C9BAB00861293 /* GitTheUserUITests */,
				9CF8D1DB225F9239008F88CD /* Products */,
				8AAD6527C9DEDF68099B2042 /* Pods */,
				17053F0E72917462D880B478 /* Frameworks */,
			);
			sourceTree = "<group>";
		};
		9CF8D1DB225F9239008F88CD /* Products */ = {
			isa = PBXGroup;
			children = (
				9CF8D1DA225F9239008F88CD /* GitTheUser.app */,
				9CC582CD226C952100861293 /* GitTheUserTests.xctest */,
				9CC582DB226C9BAB00861293 /* GitTheUserUITests.xctest */,
			);
			name = Products;
			sourceTree = "<group>";
		};
		9CF8D1DC225F9239008F88CD /* GitTheUser */ = {
			isa = PBXGroup;
			children = (
				9CF8D1DD225F9239008F88CD /* AppDelegate.swift */,
				9CC5826E2260AFB200861293 /* Service.swift */,
				9CF8D1EF225F9277008F88CD /* Model */,
				9CF8D1F1225F927E008F88CD /* Controller */,
				9CF8D1F0225F927A008F88CD /* View */,
				9CF8D1E4225F923D008F88CD /* Assets.xcassets */,
				9CF8D1E9225F923D008F88CD /* Info.plist */,
			);
			path = GitTheUser;
			sourceTree = "<group>";
		};
		9CF8D1EF225F9277008F88CD /* Model */ = {
			isa = PBXGroup;
			children = (
				9CC5826A2260AC8600861293 /* User.swift */,
				9CC582702262018900861293 /* Repo.swift */,
				9CC5828B2264D8D700861293 /* Owner.swift */,
				9CC582842264964F00861293 /* File.swift */,
				9CC58297226B830700861293 /* FileContent.swift */,
				9CC58295226B72EF00861293 /* HideViewDelegate.swift */,
				9CC5827A2263C8F500861293 /* PushViewDelegate.swift */,
				9CC5828D22652CFB00861293 /* UpdateTableDelegate.swift */,
			);
			path = Model;
			sourceTree = "<group>";
		};
		9CF8D1F0225F927A008F88CD /* View */ = {
			isa = PBXGroup;
			children = (
				9CC582882264D51D00861293 /* RepoContentComponents */,
				9CC5827C2263E8A400861293 /* HomePageCpomnonets */,
				9CC582812263E99400861293 /* UserReposComponents */,
			);
			path = View;
			sourceTree = "<group>";
		};
		9CF8D1F1225F927E008F88CD /* Controller */ = {
			isa = PBXGroup;
			children = (
				9CF8D1DF225F9239008F88CD /* HomePageController.swift */,
				9CC582722262292300861293 /* UserReposController.swift */,
				9CC5828622649BB700861293 /* RepoContentController.swift */,
			);
			path = Controller;
			sourceTree = "<group>";
		};
/* End PBXGroup section */

/* Begin PBXNativeTarget section */
		9CC582CC226C952100861293 /* GitTheUserTests */ = {
			isa = PBXNativeTarget;
			buildConfigurationList = 9CC582D6226C952100861293 /* Build configuration list for PBXNativeTarget "GitTheUserTests" */;
			buildPhases = (
				97345952883E298F574B0E74 /* [CP] Check Pods Manifest.lock */,
				9CC582C9226C952100861293 /* Sources */,
				9CC582CA226C952100861293 /* Frameworks */,
				9CC582CB226C952100861293 /* Resources */,
			);
			buildRules = (
			);
			dependencies = (
				9CC582D3226C952100861293 /* PBXTargetDependency */,
			);
			name = GitTheUserTests;
			productName = GitTheUserTests;
			productReference = 9CC582CD226C952100861293 /* GitTheUserTests.xctest */;
			productType = "com.apple.product-type.bundle.unit-test";
		};
		9CC582DA226C9BAB00861293 /* GitTheUserUITests */ = {
			isa = PBXNativeTarget;
			buildConfigurationList = 9CC582E2226C9BAB00861293 /* Build configuration list for PBXNativeTarget "GitTheUserUITests" */;
			buildPhases = (
				F2AD651E068E47A07054DF90 /* [CP] Check Pods Manifest.lock */,
				9CC582D7226C9BAB00861293 /* Sources */,
				9CC582D8226C9BAB00861293 /* Frameworks */,
				9CC582D9226C9BAB00861293 /* Resources */,
			);
			buildRules = (
			);
			dependencies = (
				9CC582E1226C9BAB00861293 /* PBXTargetDependency */,
			);
			name = GitTheUserUITests;
			productName = GitTheUserUITests;
			productReference = 9CC582DB226C9BAB00861293 /* GitTheUserUITests.xctest */;
			productType = "com.apple.product-type.bundle.ui-testing";
		};
		9CF8D1D9225F9239008F88CD /* GitTheUser */ = {
			isa = PBXNativeTarget;
			buildConfigurationList = 9CF8D1EC225F923D008F88CD /* Build configuration list for PBXNativeTarget "GitTheUser" */;
			buildPhases = (
				4B3A68CE2395CA108BA6A9D8 /* [CP] Check Pods Manifest.lock */,
				9CF8D1D6225F9239008F88CD /* Sources */,
				9CF8D1D7225F9239008F88CD /* Frameworks */,
				9CF8D1D8225F9239008F88CD /* Resources */,
				74F0879692A5C8C08948AB68 /* [CP] Copy Pods Resources */,
			);
			buildRules = (
			);
			dependencies = (
			);
			name = GitTheUser;
			productName = GitTheUser;
			productReference = 9CF8D1DA225F9239008F88CD /* GitTheUser.app */;
			productType = "com.apple.product-type.application";
		};
/* End PBXNativeTarget section */

/* Begin PBXProject section */
		9CF8D1D2225F9239008F88CD /* Project object */ = {
			isa = PBXProject;
			attributes = {
				LastSwiftUpdateCheck = 1010;
				LastUpgradeCheck = 1010;
				ORGANIZATIONNAME = "Szymon Kolber";
				TargetAttributes = {
					9CC582CC226C952100861293 = {
						CreatedOnToolsVersion = 10.1;
						TestTargetID = 9CF8D1D9225F9239008F88CD;
					};
					9CC582DA226C9BAB00861293 = {
						CreatedOnToolsVersion = 10.1;
						TestTargetID = 9CF8D1D9225F9239008F88CD;
					};
					9CF8D1D9225F9239008F88CD = {
						CreatedOnToolsVersion = 10.1;
					};
				};
			};
			buildConfigurationList = 9CF8D1D5225F9239008F88CD /* Build configuration list for PBXProject "GitTheUser" */;
			compatibilityVersion = "Xcode 9.3";
			developmentRegion = en;
			hasScannedForEncodings = 0;
			knownRegions = (
				en,
				Base,
			);
			mainGroup = 9CF8D1D1225F9239008F88CD;
			productRefGroup = 9CF8D1DB225F9239008F88CD /* Products */;
			projectDirPath = "";
			projectRoot = "";
			targets = (
				9CF8D1D9225F9239008F88CD /* GitTheUser */,
				9CC582CC226C952100861293 /* GitTheUserTests */,
				9CC582DA226C9BAB00861293 /* GitTheUserUITests */,
			);
		};
/* End PBXProject section */

/* Begin PBXResourcesBuildPhase section */
		9CC582CB226C952100861293 /* Resources */ = {
			isa = PBXResourcesBuildPhase;
			buildActionMask = 2147483647;
			files = (
			);
			runOnlyForDeploymentPostprocessing = 0;
		};
		9CC582D9226C9BAB00861293 /* Resources */ = {
			isa = PBXResourcesBuildPhase;
			buildActionMask = 2147483647;
			files = (
			);
			runOnlyForDeploymentPostprocessing = 0;
		};
		9CF8D1D8225F9239008F88CD /* Resources */ = {
			isa = PBXResourcesBuildPhase;
			buildActionMask = 2147483647;
			files = (
				9CF8D1E5225F923D008F88CD /* Assets.xcassets in Resources */,
			);
			runOnlyForDeploymentPostprocessing = 0;
		};
/* End PBXResourcesBuildPhase section */

/* Begin PBXShellScriptBuildPhase section */
		4B3A68CE2395CA108BA6A9D8 /* [CP] Check Pods Manifest.lock */ = {
			isa = PBXShellScriptBuildPhase;
			buildActionMask = 2147483647;
			files = (
			);
			inputFileListPaths = (
			);
			inputPaths = (
				"${PODS_PODFILE_DIR_PATH}/Podfile.lock",
				"${PODS_ROOT}/Manifest.lock",
			);
			name = "[CP] Check Pods Manifest.lock";
			outputFileListPaths = (
			);
			outputPaths = (
				"$(DERIVED_FILE_DIR)/Pods-GitTheUser-checkManifestLockResult.txt",
			);
			runOnlyForDeploymentPostprocessing = 0;
			shellPath = /bin/sh;
			shellScript = "diff \"${PODS_PODFILE_DIR_PATH}/Podfile.lock\" \"${PODS_ROOT}/Manifest.lock\" > /dev/null\nif [ $? != 0 ] ; then\n    # print error to STDERR\n    echo \"error: The sandbox is not in sync with the Podfile.lock. Run 'pod install' or update your CocoaPods installation.\" >&2\n    exit 1\nfi\n# This output is used by Xcode 'outputs' to avoid re-running this script phase.\necho \"SUCCESS\" > \"${SCRIPT_OUTPUT_FILE_0}\"\n";
			showEnvVarsInLog = 0;
		};
		74F0879692A5C8C08948AB68 /* [CP] Copy Pods Resources */ = {
			isa = PBXShellScriptBuildPhase;
			buildActionMask = 2147483647;
			files = (
			);
			inputFileListPaths = (
				"${PODS_ROOT}/Target Support Files/Pods-GitTheUser/Pods-GitTheUser-resources-${CONFIGURATION}-input-files.xcfilelist",
			);
			name = "[CP] Copy Pods Resources";
			outputFileListPaths = (
				"${PODS_ROOT}/Target Support Files/Pods-GitTheUser/Pods-GitTheUser-resources-${CONFIGURATION}-output-files.xcfilelist",
			);
			runOnlyForDeploymentPostprocessing = 0;
			shellPath = /bin/sh;
			shellScript = "\"${PODS_ROOT}/Target Support Files/Pods-GitTheUser/Pods-GitTheUser-resources.sh\"\n";
			showEnvVarsInLog = 0;
		};
		97345952883E298F574B0E74 /* [CP] Check Pods Manifest.lock */ = {
			isa = PBXShellScriptBuildPhase;
			buildActionMask = 2147483647;
			files = (
			);
			inputFileListPaths = (
			);
			inputPaths = (
				"${PODS_PODFILE_DIR_PATH}/Podfile.lock",
				"${PODS_ROOT}/Manifest.lock",
			);
			name = "[CP] Check Pods Manifest.lock";
			outputFileListPaths = (
			);
			outputPaths = (
				"$(DERIVED_FILE_DIR)/Pods-GitTheUserTests-checkManifestLockResult.txt",
			);
			runOnlyForDeploymentPostprocessing = 0;
			shellPath = /bin/sh;
			shellScript = "diff \"${PODS_PODFILE_DIR_PATH}/Podfile.lock\" \"${PODS_ROOT}/Manifest.lock\" > /dev/null\nif [ $? != 0 ] ; then\n    # print error to STDERR\n    echo \"error: The sandbox is not in sync with the Podfile.lock. Run 'pod install' or update your CocoaPods installation.\" >&2\n    exit 1\nfi\n# This output is used by Xcode 'outputs' to avoid re-running this script phase.\necho \"SUCCESS\" > \"${SCRIPT_OUTPUT_FILE_0}\"\n";
			showEnvVarsInLog = 0;
		};
		F2AD651E068E47A07054DF90 /* [CP] Check Pods Manifest.lock */ = {
			isa = PBXShellScriptBuildPhase;
			buildActionMask = 2147483647;
			files = (
			);
			inputFileListPaths = (
			);
			inputPaths = (
				"${PODS_PODFILE_DIR_PATH}/Podfile.lock",
				"${PODS_ROOT}/Manifest.lock",
			);
			name = "[CP] Check Pods Manifest.lock";
			outputFileListPaths = (
			);
			outputPaths = (
				"$(DERIVED_FILE_DIR)/Pods-GitTheUserUITests-checkManifestLockResult.txt",
			);
			runOnlyForDeploymentPostprocessing = 0;
			shellPath = /bin/sh;
			shellScript = "diff \"${PODS_PODFILE_DIR_PATH}/Podfile.lock\" \"${PODS_ROOT}/Manifest.lock\" > /dev/null\nif [ $? != 0 ] ; then\n    # print error to STDERR\n    echo \"error: The sandbox is not in sync with the Podfile.lock. Run 'pod install' or update your CocoaPods installation.\" >&2\n    exit 1\nfi\n# This output is used by Xcode 'outputs' to avoid re-running this script phase.\necho \"SUCCESS\" > \"${SCRIPT_OUTPUT_FILE_0}\"\n";
			showEnvVarsInLog = 0;
		};
/* End PBXShellScriptBuildPhase section */

/* Begin PBXSourcesBuildPhase section */
		9CC582C9226C952100861293 /* Sources */ = {
			isa = PBXSourcesBuildPhase;
			buildActionMask = 2147483647;
			files = (
				9CC582D0226C952100861293 /* GitTheUserTests.swift in Sources */,
			);
			runOnlyForDeploymentPostprocessing = 0;
		};
		9CC582D7226C9BAB00861293 /* Sources */ = {
			isa = PBXSourcesBuildPhase;
			buildActionMask = 2147483647;
			files = (
				9CC582DE226C9BAB00861293 /* GitTheUserUITests.swift in Sources */,
			);
			runOnlyForDeploymentPostprocessing = 0;
		};
		9CF8D1D6225F9239008F88CD /* Sources */ = {
			isa = PBXSourcesBuildPhase;
			buildActionMask = 2147483647;
			files = (
				9CC5826D2260ADDC00861293 /* HomePageComponents.swift in Sources */,
				9CC5827E2263E8BB00861293 /* GitTheUserButton.swift in Sources */,
				9CC5828E22652CFB00861293 /* UpdateTableDelegate.swift in Sources */,
				9CC5827922636A7C00861293 /* RepoTitleLabel.swift in Sources */,
				9CC582772263596500861293 /* RepoTableCell.swift in Sources */,
				9CC5827B2263C8F500861293 /* PushViewDelegate.swift in Sources */,
				9CF8D1E0225F9239008F88CD /* HomePageController.swift in Sources */,
				9CC5828322648BF300861293 /* RepoTableView.swift in Sources */,
				9CC582902265334000861293 /* RepoContentTableCell.swift in Sources */,
				9CC5826F2260AFB200861293 /* Service.swift in Sources */,
				9CC582712262018900861293 /* Repo.swift in Sources */,
				9CC582942269300000861293 /* TextFileView.swift in Sources */,
				9CC5828A2264D53A00861293 /* RepoContentDataSource.swift in Sources */,
				9CC5829222688DC000861293 /* UserNotFoundView.swift in Sources */,
				9CC58298226B830700861293 /* FileContent.swift in Sources */,
				9CC582852264964F00861293 /* File.swift in Sources */,
				9CF8D1DE225F9239008F88CD /* AppDelegate.swift in Sources */,
				9CC582802263E8ED00861293 /* MainTitle.swift in Sources */,
				9CC58296226B72EF00861293 /* HideViewDelegate.swift in Sources */,
				9CC5826B2260AC8600861293 /* User.swift in Sources */,
				9CC5828C2264D8D700861293 /* Owner.swift in Sources */,
				9CC582732262292300861293 /* UserReposController.swift in Sources */,
				9CC5828722649BB700861293 /* RepoContentController.swift in Sources */,
			);
			runOnlyForDeploymentPostprocessing = 0;
		};
/* End PBXSourcesBuildPhase section */

/* Begin PBXTargetDependency section */
		9CC582D3226C952100861293 /* PBXTargetDependency */ = {
			isa = PBXTargetDependency;
			target = 9CF8D1D9225F9239008F88CD /* GitTheUser */;
			targetProxy = 9CC582D2226C952100861293 /* PBXContainerItemProxy */;
		};
		9CC582E1226C9BAB00861293 /* PBXTargetDependency */ = {
			isa = PBXTargetDependency;
			target = 9CF8D1D9225F9239008F88CD /* GitTheUser */;
			targetProxy = 9CC582E0226C9BAB00861293 /* PBXContainerItemProxy */;
		};
/* End PBXTargetDependency section */

/* Begin XCBuildConfiguration section */
		9CC582D4226C952100861293 /* Debug */ = {
			isa = XCBuildConfiguration;
			baseConfigurationReference = B6108E2242BE3276D0BB6A65 /* Pods-GitTheUserTests.debug.xcconfig */;
			buildSettings = {
				BUNDLE_LOADER = "$(TEST_HOST)";
				CODE_SIGN_STYLE = Automatic;
				DEVELOPMENT_TEAM = RWBFK5RYYV;
				INFOPLIST_FILE = GitTheUserTests/Info.plist;
				LD_RUNPATH_SEARCH_PATHS = (
					"$(inherited)",
					"@executable_path/Frameworks",
					"@loader_path/Frameworks",
				);
				PRODUCT_BUNDLE_IDENTIFIER = com.DominikKolber.GitTheUserTests;
				PRODUCT_NAME = "$(TARGET_NAME)";
				SWIFT_VERSION = 4.2;
				TARGETED_DEVICE_FAMILY = "1,2";
				TEST_HOST = "$(BUILT_PRODUCTS_DIR)/GitTheUser.app/GitTheUser";
			};
			name = Debug;
		};
		9CC582D5226C952100861293 /* Release */ = {
			isa = XCBuildConfiguration;
			baseConfigurationReference = A5CE48B4B00E08127F87F999 /* Pods-GitTheUserTests.release.xcconfig */;
			buildSettings = {
				BUNDLE_LOADER = "$(TEST_HOST)";
				CODE_SIGN_STYLE = Automatic;
				DEVELOPMENT_TEAM = RWBFK5RYYV;
				INFOPLIST_FILE = GitTheUserTests/Info.plist;
				LD_RUNPATH_SEARCH_PATHS = (
					"$(inherited)",
					"@executable_path/Frameworks",
					"@loader_path/Frameworks",
				);
				PRODUCT_BUNDLE_IDENTIFIER = com.DominikKolber.GitTheUserTests;
				PRODUCT_NAME = "$(TARGET_NAME)";
				SWIFT_VERSION = 4.2;
				TARGETED_DEVICE_FAMILY = "1,2";
				TEST_HOST = "$(BUILT_PRODUCTS_DIR)/GitTheUser.app/GitTheUser";
			};
			name = Release;
		};
		9CC582E3226C9BAB00861293 /* Debug */ = {
			isa = XCBuildConfiguration;
			baseConfigurationReference = 7990E9698D649980150207C7 /* Pods-GitTheUserUITests.debug.xcconfig */;
			buildSettings = {
				CODE_SIGN_STYLE = Automatic;
				DEVELOPMENT_TEAM = RWBFK5RYYV;
				INFOPLIST_FILE = GitTheUserUITests/Info.plist;
				LD_RUNPATH_SEARCH_PATHS = (
					"$(inherited)",
					"@executable_path/Frameworks",
					"@loader_path/Frameworks",
				);
				PRODUCT_BUNDLE_IDENTIFIER = com.DominikKolber.GitTheUserUITests;
				PRODUCT_NAME = "$(TARGET_NAME)";
				SWIFT_VERSION = 4.2;
				TARGETED_DEVICE_FAMILY = "1,2";
				TEST_TARGET_NAME = GitTheUser;
			};
			name = Debug;
		};
		9CC582E4226C9BAB00861293 /* Release */ = {
			isa = XCBuildConfiguration;
			baseConfigurationReference = 5D1FC3987640FC7857CA8567 /* Pods-GitTheUserUITests.release.xcconfig */;
			buildSettings = {
				CODE_SIGN_STYLE = Automatic;
				DEVELOPMENT_TEAM = RWBFK5RYYV;
				INFOPLIST_FILE = GitTheUserUITests/Info.plist;
				LD_RUNPATH_SEARCH_PATHS = (
					"$(inherited)",
					"@executable_path/Frameworks",
					"@loader_path/Frameworks",
				);
				PRODUCT_BUNDLE_IDENTIFIER = com.DominikKolber.GitTheUserUITests;
				PRODUCT_NAME = "$(TARGET_NAME)";
				SWIFT_VERSION = 4.2;
				TARGETED_DEVICE_FAMILY = "1,2";
				TEST_TARGET_NAME = GitTheUser;
			};
			name = Release;
		};
		9CF8D1EA225F923D008F88CD /* Debug */ = {
			isa = XCBuildConfiguration;
			buildSettings = {
				ALWAYS_SEARCH_USER_PATHS = NO;
				CLANG_ANALYZER_NONNULL = YES;
				CLANG_ANALYZER_NUMBER_OBJECT_CONVERSION = YES_AGGRESSIVE;
				CLANG_CXX_LANGUAGE_STANDARD = "gnu++14";
				CLANG_CXX_LIBRARY = "libc++";
				CLANG_ENABLE_MODULES = YES;
				CLANG_ENABLE_OBJC_ARC = YES;
				CLANG_ENABLE_OBJC_WEAK = YES;
				CLANG_WARN_BLOCK_CAPTURE_AUTORELEASING = YES;
				CLANG_WARN_BOOL_CONVERSION = YES;
				CLANG_WARN_COMMA = YES;
				CLANG_WARN_CONSTANT_CONVERSION = YES;
				CLANG_WARN_DEPRECATED_OBJC_IMPLEMENTATIONS = YES;
				CLANG_WARN_DIRECT_OBJC_ISA_USAGE = YES_ERROR;
				CLANG_WARN_DOCUMENTATION_COMMENTS = YES;
				CLANG_WARN_EMPTY_BODY = YES;
				CLANG_WARN_ENUM_CONVERSION = YES;
				CLANG_WARN_INFINITE_RECURSION = YES;
				CLANG_WARN_INT_CONVERSION = YES;
				CLANG_WARN_NON_LITERAL_NULL_CONVERSION = YES;
				CLANG_WARN_OBJC_IMPLICIT_RETAIN_SELF = YES;
				CLANG_WARN_OBJC_LITERAL_CONVERSION = YES;
				CLANG_WARN_OBJC_ROOT_CLASS = YES_ERROR;
				CLANG_WARN_RANGE_LOOP_ANALYSIS = YES;
				CLANG_WARN_STRICT_PROTOTYPES = YES;
				CLANG_WARN_SUSPICIOUS_MOVE = YES;
				CLANG_WARN_UNGUARDED_AVAILABILITY = YES_AGGRESSIVE;
				CLANG_WARN_UNREACHABLE_CODE = YES;
				CLANG_WARN__DUPLICATE_METHOD_MATCH = YES;
				CODE_SIGN_IDENTITY = "iPhone Developer";
				COPY_PHASE_STRIP = NO;
				DEBUG_INFORMATION_FORMAT = dwarf;
				ENABLE_STRICT_OBJC_MSGSEND = YES;
				ENABLE_TESTABILITY = YES;
				GCC_C_LANGUAGE_STANDARD = gnu11;
				GCC_DYNAMIC_NO_PIC = NO;
				GCC_NO_COMMON_BLOCKS = YES;
				GCC_OPTIMIZATION_LEVEL = 0;
				GCC_PREPROCESSOR_DEFINITIONS = (
					"DEBUG=1",
					"$(inherited)",
				);
				GCC_WARN_64_TO_32_BIT_CONVERSION = YES;
				GCC_WARN_ABOUT_RETURN_TYPE = YES_ERROR;
				GCC_WARN_UNDECLARED_SELECTOR = YES;
				GCC_WARN_UNINITIALIZED_AUTOS = YES_AGGRESSIVE;
				GCC_WARN_UNUSED_FUNCTION = YES;
				GCC_WARN_UNUSED_VARIABLE = YES;
				IPHONEOS_DEPLOYMENT_TARGET = 12.1;
				MTL_ENABLE_DEBUG_INFO = INCLUDE_SOURCE;
				MTL_FAST_MATH = YES;
				ONLY_ACTIVE_ARCH = YES;
				SDKROOT = iphoneos;
				SWIFT_ACTIVE_COMPILATION_CONDITIONS = DEBUG;
				SWIFT_OPTIMIZATION_LEVEL = "-Onone";
			};
			name = Debug;
		};
		9CF8D1EB225F923D008F88CD /* Release */ = {
			isa = XCBuildConfiguration;
			buildSettings = {
				ALWAYS_SEARCH_USER_PATHS = NO;
				CLANG_ANALYZER_NONNULL = YES;
				CLANG_ANALYZER_NUMBER_OBJECT_CONVERSION = YES_AGGRESSIVE;
				CLANG_CXX_LANGUAGE_STANDARD = "gnu++14";
				CLANG_CXX_LIBRARY = "libc++";
				CLANG_ENABLE_MODULES = YES;
				CLANG_ENABLE_OBJC_ARC = YES;
				CLANG_ENABLE_OBJC_WEAK = YES;
				CLANG_WARN_BLOCK_CAPTURE_AUTORELEASING = YES;
				CLANG_WARN_BOOL_CONVERSION = YES;
				CLANG_WARN_COMMA = YES;
				CLANG_WARN_CONSTANT_CONVERSION = YES;
				CLANG_WARN_DEPRECATED_OBJC_IMPLEMENTATIONS = YES;
				CLANG_WARN_DIRECT_OBJC_ISA_USAGE = YES_ERROR;
				CLANG_WARN_DOCUMENTATION_COMMENTS = YES;
				CLANG_WARN_EMPTY_BODY = YES;
				CLANG_WARN_ENUM_CONVERSION = YES;
				CLANG_WARN_INFINITE_RECURSION = YES;
				CLANG_WARN_INT_CONVERSION = YES;
				CLANG_WARN_NON_LITERAL_NULL_CONVERSION = YES;
				CLANG_WARN_OBJC_IMPLICIT_RETAIN_SELF = YES;
				CLANG_WARN_OBJC_LITERAL_CONVERSION = YES;
				CLANG_WARN_OBJC_ROOT_CLASS = YES_ERROR;
				CLANG_WARN_RANGE_LOOP_ANALYSIS = YES;
				CLANG_WARN_STRICT_PROTOTYPES = YES;
				CLANG_WARN_SUSPICIOUS_MOVE = YES;
				CLANG_WARN_UNGUARDED_AVAILABILITY = YES_AGGRESSIVE;
				CLANG_WARN_UNREACHABLE_CODE = YES;
				CLANG_WARN__DUPLICATE_METHOD_MATCH = YES;
				CODE_SIGN_IDENTITY = "iPhone Developer";
				COPY_PHASE_STRIP = NO;
				DEBUG_INFORMATION_FORMAT = "dwarf-with-dsym";
				ENABLE_NS_ASSERTIONS = NO;
				ENABLE_STRICT_OBJC_MSGSEND = YES;
				GCC_C_LANGUAGE_STANDARD = gnu11;
				GCC_NO_COMMON_BLOCKS = YES;
				GCC_WARN_64_TO_32_BIT_CONVERSION = YES;
				GCC_WARN_ABOUT_RETURN_TYPE = YES_ERROR;
				GCC_WARN_UNDECLARED_SELECTOR = YES;
				GCC_WARN_UNINITIALIZED_AUTOS = YES_AGGRESSIVE;
				GCC_WARN_UNUSED_FUNCTION = YES;
				GCC_WARN_UNUSED_VARIABLE = YES;
				IPHONEOS_DEPLOYMENT_TARGET = 12.1;
				MTL_ENABLE_DEBUG_INFO = NO;
				MTL_FAST_MATH = YES;
				SDKROOT = iphoneos;
				SWIFT_COMPILATION_MODE = wholemodule;
				SWIFT_OPTIMIZATION_LEVEL = "-O";
				VALIDATE_PRODUCT = YES;
			};
			name = Release;
		};
		9CF8D1ED225F923D008F88CD /* Debug */ = {
			isa = XCBuildConfiguration;
			baseConfigurationReference = 049A60A4729D91A34B4A69E7 /* Pods-GitTheUser.debug.xcconfig */;
			buildSettings = {
				ASSETCATALOG_COMPILER_APPICON_NAME = AppIcon;
				CODE_SIGN_STYLE = Automatic;
				DEVELOPMENT_TEAM = RWBFK5RYYV;
				INFOPLIST_FILE = GitTheUser/Info.plist;
				IPHONEOS_DEPLOYMENT_TARGET = 11.0;
				LD_RUNPATH_SEARCH_PATHS = (
					"$(inherited)",
					"@executable_path/Frameworks",
				);
				PRODUCT_BUNDLE_IDENTIFIER = com.DominikKolber.GitTheUser;
				PRODUCT_NAME = "$(TARGET_NAME)";
				SWIFT_VERSION = 4.2;
				TARGETED_DEVICE_FAMILY = "1,2";
			};
			name = Debug;
		};
		9CF8D1EE225F923D008F88CD /* Release */ = {
			isa = XCBuildConfiguration;
			baseConfigurationReference = 40F6D3AD789DA6FE759B987D /* Pods-GitTheUser.release.xcconfig */;
			buildSettings = {
				ASSETCATALOG_COMPILER_APPICON_NAME = AppIcon;
				CODE_SIGN_STYLE = Automatic;
				DEVELOPMENT_TEAM = RWBFK5RYYV;
				INFOPLIST_FILE = GitTheUser/Info.plist;
				IPHONEOS_DEPLOYMENT_TARGET = 11.0;
				LD_RUNPATH_SEARCH_PATHS = (
					"$(inherited)",
					"@executable_path/Frameworks",
				);
				PRODUCT_BUNDLE_IDENTIFIER = com.DominikKolber.GitTheUser;
				PRODUCT_NAME = "$(TARGET_NAME)";
				SWIFT_VERSION = 4.2;
				TARGETED_DEVICE_FAMILY = "1,2";
			};
			name = Release;
		};
/* End XCBuildConfiguration section */

/* Begin XCConfigurationList section */
		9CC582D6226C952100861293 /* Build configuration list for PBXNativeTarget "GitTheUserTests" */ = {
			isa = XCConfigurationList;
			buildConfigurations = (
				9CC582D4226C952100861293 /* Debug */,
				9CC582D5226C952100861293 /* Release */,
			);
			defaultConfigurationIsVisible = 0;
			defaultConfigurationName = Release;
		};
		9CC582E2226C9BAB00861293 /* Build configuration list for PBXNativeTarget "GitTheUserUITests" */ = {
			isa = XCConfigurationList;
			buildConfigurations = (
				9CC582E3226C9BAB00861293 /* Debug */,
				9CC582E4226C9BAB00861293 /* Release */,
			);
			defaultConfigurationIsVisible = 0;
			defaultConfigurationName = Release;
		};
		9CF8D1D5225F9239008F88CD /* Build configuration list for PBXProject "GitTheUser" */ = {
			isa = XCConfigurationList;
			buildConfigurations = (
				9CF8D1EA225F923D008F88CD /* Debug */,
				9CF8D1EB225F923D008F88CD /* Release */,
			);
			defaultConfigurationIsVisible = 0;
			defaultConfigurationName = Release;
		};
		9CF8D1EC225F923D008F88CD /* Build configuration list for PBXNativeTarget "GitTheUser" */ = {
			isa = XCConfigurationList;
			buildConfigurations = (
				9CF8D1ED225F923D008F88CD /* Debug */,
				9CF8D1EE225F923D008F88CD /* Release */,
			);
			defaultConfigurationIsVisible = 0;
			defaultConfigurationName = Release;
		};
/* End XCConfigurationList section */
	};
	rootObject = 9CF8D1D2225F9239008F88CD /* Project object */;
}
